// !$*UTF8*$!
{
	archiveVersion = 1;
	classes = {
	};
	objectVersion = 56;
	objects = {

/* Begin PBXBuildFile section */
		D20F0DBC298813D600E127AD /* Extensions.swift in Sources */ = {isa = PBXBuildFile; fileRef = D20F0DBB298813D600E127AD /* Extensions.swift */; };
		D23FFD002986FF140000F63D /* AppDelegate.swift in Sources */ = {isa = PBXBuildFile; fileRef = D23FFCFF2986FF140000F63D /* AppDelegate.swift */; };
		D23FFD022986FF140000F63D /* SceneDelegate.swift in Sources */ = {isa = PBXBuildFile; fileRef = D23FFD012986FF140000F63D /* SceneDelegate.swift */; };
		D23FFD092986FF150000F63D /* Assets.xcassets in Resources */ = {isa = PBXBuildFile; fileRef = D23FFD082986FF150000F63D /* Assets.xcassets */; };
		D23FFD0C2986FF150000F63D /* LaunchScreen.storyboard in Resources */ = {isa = PBXBuildFile; fileRef = D23FFD0A2986FF150000F63D /* LaunchScreen.storyboard */; };
		D23FFD16298703AA0000F63D /* ProductsViewController.swift in Sources */ = {isa = PBXBuildFile; fileRef = D23FFD14298703AA0000F63D /* ProductsViewController.swift */; };
		D23FFD17298703AA0000F63D /* ProductsViewController.xib in Resources */ = {isa = PBXBuildFile; fileRef = D23FFD15298703AA0000F63D /* ProductsViewController.xib */; };
		D23FFD1B2987093E0000F63D /* WebService.swift in Sources */ = {isa = PBXBuildFile; fileRef = D23FFD1A2987093E0000F63D /* WebService.swift */; };
		D23FFD1D29870B190000F63D /* Rate.swift in Sources */ = {isa = PBXBuildFile; fileRef = D23FFD1C29870B190000F63D /* Rate.swift */; };
		D23FFD1F29870B780000F63D /* Transaction.swift in Sources */ = {isa = PBXBuildFile; fileRef = D23FFD1E29870B780000F63D /* Transaction.swift */; };
		D23FFD212987146B0000F63D /* ProductsViewModel.swift in Sources */ = {isa = PBXBuildFile; fileRef = D23FFD202987146B0000F63D /* ProductsViewModel.swift */; };
		D25A7963298928C1009D68DD /* WebServiceTests.swift in Sources */ = {isa = PBXBuildFile; fileRef = D25A7962298928C1009D68DD /* WebServiceTests.swift */; };
		D2B5D9902989CF80002CAD44 /* URLSessionMock.swift in Sources */ = {isa = PBXBuildFile; fileRef = D2B5D98F2989CF80002CAD44 /* URLSessionMock.swift */; };
		D2B5D9952989E73D002CAD44 /* rates.json in Resources */ = {isa = PBXBuildFile; fileRef = D2B5D9942989E73D002CAD44 /* rates.json */; };
		D2DC1948298A97F80077371B /* ProductsView.swift in Sources */ = {isa = PBXBuildFile; fileRef = D2DC1947298A97F80077371B /* ProductsView.swift */; };
		D2DC1952298A99FF0077371B /* FirstViewController.swift in Sources */ = {isa = PBXBuildFile; fileRef = D2DC1950298A99FF0077371B /* FirstViewController.swift */; };
		D2DC1953298A99FF0077371B /* FirstViewController.xib in Resources */ = {isa = PBXBuildFile; fileRef = D2DC1951298A99FF0077371B /* FirstViewController.xib */; };
/* End PBXBuildFile section */

/* Begin PBXContainerItemProxy section */
		D25A795D298926C9009D68DD /* PBXContainerItemProxy */ = {
			isa = PBXContainerItemProxy;
			containerPortal = D23FFCF42986FF140000F63D /* Project object */;
			proxyType = 1;
			remoteGlobalIDString = D23FFCFB2986FF140000F63D;
			remoteInfo = GNBProducts;
		};
/* End PBXContainerItemProxy section */

/* Begin PBXFileReference section */
		D20F0DBB298813D600E127AD /* Extensions.swift */ = {isa = PBXFileReference; lastKnownFileType = sourcecode.swift; path = Extensions.swift; sourceTree = "<group>"; };
		D23FFCFC2986FF140000F63D /* GNBProducts.app */ = {isa = PBXFileReference; explicitFileType = wrapper.application; includeInIndex = 0; path = GNBProducts.app; sourceTree = BUILT_PRODUCTS_DIR; };
		D23FFCFF2986FF140000F63D /* AppDelegate.swift */ = {isa = PBXFileReference; lastKnownFileType = sourcecode.swift; path = AppDelegate.swift; sourceTree = "<group>"; };
		D23FFD012986FF140000F63D /* SceneDelegate.swift */ = {isa = PBXFileReference; lastKnownFileType = sourcecode.swift; path = SceneDelegate.swift; sourceTree = "<group>"; };
		D23FFD082986FF150000F63D /* Assets.xcassets */ = {isa = PBXFileReference; lastKnownFileType = folder.assetcatalog; path = Assets.xcassets; sourceTree = "<group>"; };
		D23FFD0B2986FF150000F63D /* Base */ = {isa = PBXFileReference; lastKnownFileType = file.storyboard; name = Base; path = Base.lproj/LaunchScreen.storyboard; sourceTree = "<group>"; };
		D23FFD0D2986FF150000F63D /* Info.plist */ = {isa = PBXFileReference; lastKnownFileType = text.plist.xml; path = Info.plist; sourceTree = "<group>"; };
		D23FFD14298703AA0000F63D /* ProductsViewController.swift */ = {isa = PBXFileReference; lastKnownFileType = sourcecode.swift; path = ProductsViewController.swift; sourceTree = "<group>"; };
		D23FFD15298703AA0000F63D /* ProductsViewController.xib */ = {isa = PBXFileReference; lastKnownFileType = file.xib; path = ProductsViewController.xib; sourceTree = "<group>"; };
		D23FFD1A2987093E0000F63D /* WebService.swift */ = {isa = PBXFileReference; lastKnownFileType = sourcecode.swift; path = WebService.swift; sourceTree = "<group>"; };
		D23FFD1C29870B190000F63D /* Rate.swift */ = {isa = PBXFileReference; lastKnownFileType = sourcecode.swift; path = Rate.swift; sourceTree = "<group>"; };
		D23FFD1E29870B780000F63D /* Transaction.swift */ = {isa = PBXFileReference; lastKnownFileType = sourcecode.swift; path = Transaction.swift; sourceTree = "<group>"; };
		D23FFD202987146B0000F63D /* ProductsViewModel.swift */ = {isa = PBXFileReference; lastKnownFileType = sourcecode.swift; path = ProductsViewModel.swift; sourceTree = "<group>"; };
		D25A7959298926C9009D68DD /* GNBProductsTests.xctest */ = {isa = PBXFileReference; explicitFileType = wrapper.cfbundle; includeInIndex = 0; path = GNBProductsTests.xctest; sourceTree = BUILT_PRODUCTS_DIR; };
		D25A7962298928C1009D68DD /* WebServiceTests.swift */ = {isa = PBXFileReference; lastKnownFileType = sourcecode.swift; path = WebServiceTests.swift; sourceTree = "<group>"; };
		D2B5D98F2989CF80002CAD44 /* URLSessionMock.swift */ = {isa = PBXFileReference; lastKnownFileType = sourcecode.swift; path = URLSessionMock.swift; sourceTree = "<group>"; };
		D2B5D9942989E73D002CAD44 /* rates.json */ = {isa = PBXFileReference; fileEncoding = 4; lastKnownFileType = text.json; path = rates.json; sourceTree = "<group>"; };
		D2DC1947298A97F80077371B /* ProductsView.swift */ = {isa = PBXFileReference; lastKnownFileType = sourcecode.swift; path = ProductsView.swift; sourceTree = "<group>"; };
		D2DC1950298A99FF0077371B /* FirstViewController.swift */ = {isa = PBXFileReference; lastKnownFileType = sourcecode.swift; path = FirstViewController.swift; sourceTree = "<group>"; };
		D2DC1951298A99FF0077371B /* FirstViewController.xib */ = {isa = PBXFileReference; lastKnownFileType = file.xib; path = FirstViewController.xib; sourceTree = "<group>"; };
/* End PBXFileReference section */

/* Begin PBXFrameworksBuildPhase section */
		D23FFCF92986FF140000F63D /* Frameworks */ = {
			isa = PBXFrameworksBuildPhase;
			buildActionMask = 2147483647;
			files = (
			);
			runOnlyForDeploymentPostprocessing = 0;
		};
		D25A7956298926C9009D68DD /* Frameworks */ = {
			isa = PBXFrameworksBuildPhase;
			buildActionMask = 2147483647;
			files = (
			);
			runOnlyForDeploymentPostprocessing = 0;
		};
/* End PBXFrameworksBuildPhase section */

/* Begin PBXGroup section */
		D20F0DBA2988134500E127AD /* Utils */ = {
			isa = PBXGroup;
			children = (
				D20F0DBB298813D600E127AD /* Extensions.swift */,
			);
			path = Utils;
			sourceTree = "<group>";
		};
		D23FFCF32986FF140000F63D = {
			isa = PBXGroup;
			children = (
				D23FFCFE2986FF140000F63D /* GNBProducts */,
				D25A795A298926C9009D68DD /* GNBProductsTests */,
				D23FFCFD2986FF140000F63D /* Products */,
			);
			sourceTree = "<group>";
		};
		D23FFCFD2986FF140000F63D /* Products */ = {
			isa = PBXGroup;
			children = (
				D23FFCFC2986FF140000F63D /* GNBProducts.app */,
				D25A7959298926C9009D68DD /* GNBProductsTests.xctest */,
			);
			name = Products;
			sourceTree = "<group>";
		};
		D23FFCFE2986FF140000F63D /* GNBProducts */ = {
			isa = PBXGroup;
			children = (
				D23FFCFF2986FF140000F63D /* AppDelegate.swift */,
				D23FFD012986FF140000F63D /* SceneDelegate.swift */,
				D20F0DBA2988134500E127AD /* Utils */,
				D23FFD19298709250000F63D /* Services */,
				D23FFD18298707FE0000F63D /* Model */,
				D23FFD13298703640000F63D /* UI */,
				D23FFD082986FF150000F63D /* Assets.xcassets */,
				D23FFD0A2986FF150000F63D /* LaunchScreen.storyboard */,
				D23FFD0D2986FF150000F63D /* Info.plist */,
			);
			path = GNBProducts;
			sourceTree = "<group>";
		};
		D23FFD13298703640000F63D /* UI */ = {
			isa = PBXGroup;
			children = (
				D2DC1949298A97FE0077371B /* SwitUI */,
				D2DC194A298A980B0077371B /* UIKit */,
				D23FFD202987146B0000F63D /* ProductsViewModel.swift */,
				D2DC194F298A984C0077371B /* Home */,
			);
			path = UI;
			sourceTree = "<group>";
		};
		D23FFD18298707FE0000F63D /* Model */ = {
			isa = PBXGroup;
			children = (
				D23FFD1C29870B190000F63D /* Rate.swift */,
				D23FFD1E29870B780000F63D /* Transaction.swift */,
			);
			path = Model;
			sourceTree = "<group>";
		};
		D23FFD19298709250000F63D /* Services */ = {
			isa = PBXGroup;
			children = (
				D23FFD1A2987093E0000F63D /* WebService.swift */,
			);
			path = Services;
			sourceTree = "<group>";
		};
		D25A795A298926C9009D68DD /* GNBProductsTests */ = {
			isa = PBXGroup;
			children = (
				D2B5D9942989E73D002CAD44 /* rates.json */,
				D25A7962298928C1009D68DD /* WebServiceTests.swift */,
				D2B5D98F2989CF80002CAD44 /* URLSessionMock.swift */,
			);
			path = GNBProductsTests;
			sourceTree = "<group>";
		};
		D2DC1949298A97FE0077371B /* SwitUI */ = {
			isa = PBXGroup;
			children = (
				D2DC1947298A97F80077371B /* ProductsView.swift */,
			);
			path = SwitUI;
			sourceTree = "<group>";
		};
		D2DC194A298A980B0077371B /* UIKit */ = {
			isa = PBXGroup;
			children = (
				D23FFD14298703AA0000F63D /* ProductsViewController.swift */,
				D23FFD15298703AA0000F63D /* ProductsViewController.xib */,
			);
			path = UIKit;
			sourceTree = "<group>";
		};
		D2DC194F298A984C0077371B /* Home */ = {
			isa = PBXGroup;
			children = (
				D2DC1950298A99FF0077371B /* FirstViewController.swift */,
				D2DC1951298A99FF0077371B /* FirstViewController.xib */,
			);
			path = Home;
			sourceTree = "<group>";
		};
/* End PBXGroup section */

/* Begin PBXNativeTarget section */
		D23FFCFB2986FF140000F63D /* GNBProducts */ = {
			isa = PBXNativeTarget;
			buildConfigurationList = D23FFD102986FF150000F63D /* Build configuration list for PBXNativeTarget "GNBProducts" */;
			buildPhases = (
				D23FFCF82986FF140000F63D /* Sources */,
				D23FFCF92986FF140000F63D /* Frameworks */,
				D23FFCFA2986FF140000F63D /* Resources */,
			);
			buildRules = (
			);
			dependencies = (
			);
			name = GNBProducts;
			productName = GNBProducts;
			productReference = D23FFCFC2986FF140000F63D /* GNBProducts.app */;
			productType = "com.apple.product-type.application";
		};
		D25A7958298926C9009D68DD /* GNBProductsTests */ = {
			isa = PBXNativeTarget;
			buildConfigurationList = D25A795F298926C9009D68DD /* Build configuration list for PBXNativeTarget "GNBProductsTests" */;
			buildPhases = (
				D25A7955298926C9009D68DD /* Sources */,
				D25A7956298926C9009D68DD /* Frameworks */,
				D25A7957298926C9009D68DD /* Resources */,
			);
			buildRules = (
			);
			dependencies = (
				D25A795E298926C9009D68DD /* PBXTargetDependency */,
			);
			name = GNBProductsTests;
			productName = GNBProductsTests;
			productReference = D25A7959298926C9009D68DD /* GNBProductsTests.xctest */;
			productType = "com.apple.product-type.bundle.unit-test";
		};
/* End PBXNativeTarget section */

/* Begin PBXProject section */
		D23FFCF42986FF140000F63D /* Project object */ = {
			isa = PBXProject;
			attributes = {
				BuildIndependentTargetsInParallel = 1;
				LastSwiftUpdateCheck = 1420;
				LastUpgradeCheck = 1420;
				TargetAttributes = {
					D23FFCFB2986FF140000F63D = {
						CreatedOnToolsVersion = 14.2;
					};
					D25A7958298926C9009D68DD = {
						CreatedOnToolsVersion = 14.2;
						TestTargetID = D23FFCFB2986FF140000F63D;
					};
				};
			};
			buildConfigurationList = D23FFCF72986FF140000F63D /* Build configuration list for PBXProject "GNBProducts" */;
			compatibilityVersion = "Xcode 14.0";
			developmentRegion = en;
			hasScannedForEncodings = 0;
			knownRegions = (
				en,
				Base,
			);
			mainGroup = D23FFCF32986FF140000F63D;
			productRefGroup = D23FFCFD2986FF140000F63D /* Products */;
			projectDirPath = "";
			projectRoot = "";
			targets = (
				D23FFCFB2986FF140000F63D /* GNBProducts */,
				D25A7958298926C9009D68DD /* GNBProductsTests */,
			);
		};
/* End PBXProject section */

/* Begin PBXResourcesBuildPhase section */
		D23FFCFA2986FF140000F63D /* Resources */ = {
			isa = PBXResourcesBuildPhase;
			buildActionMask = 2147483647;
			files = (
				D23FFD0C2986FF150000F63D /* LaunchScreen.storyboard in Resources */,
				D23FFD092986FF150000F63D /* Assets.xcassets in Resources */,
				D23FFD17298703AA0000F63D /* ProductsViewController.xib in Resources */,
				D2DC1953298A99FF0077371B /* FirstViewController.xib in Resources */,
			);
			runOnlyForDeploymentPostprocessing = 0;
		};
		D25A7957298926C9009D68DD /* Resources */ = {
			isa = PBXResourcesBuildPhase;
			buildActionMask = 2147483647;
			files = (
				D2B5D9952989E73D002CAD44 /* rates.json in Resources */,
			);
			runOnlyForDeploymentPostprocessing = 0;
		};
/* End PBXResourcesBuildPhase section */

/* Begin PBXSourcesBuildPhase section */
		D23FFCF82986FF140000F63D /* Sources */ = {
			isa = PBXSourcesBuildPhase;
			buildActionMask = 2147483647;
			files = (
				D23FFD16298703AA0000F63D /* ProductsViewController.swift in Sources */,
				D23FFD002986FF140000F63D /* AppDelegate.swift in Sources */,
				D23FFD212987146B0000F63D /* ProductsViewModel.swift in Sources */,
				D20F0DBC298813D600E127AD /* Extensions.swift in Sources */,
				D23FFD1F29870B780000F63D /* Transaction.swift in Sources */,
				D2DC1952298A99FF0077371B /* FirstViewController.swift in Sources */,
				D23FFD1B2987093E0000F63D /* WebService.swift in Sources */,
				D23FFD1D29870B190000F63D /* Rate.swift in Sources */,
				D23FFD022986FF140000F63D /* SceneDelegate.swift in Sources */,
				D2DC1948298A97F80077371B /* ProductsView.swift in Sources */,
			);
			runOnlyForDeploymentPostprocessing = 0;
		};
		D25A7955298926C9009D68DD /* Sources */ = {
			isa = PBXSourcesBuildPhase;
			buildActionMask = 2147483647;
			files = (
				D2B5D9902989CF80002CAD44 /* URLSessionMock.swift in Sources */,
				D25A7963298928C1009D68DD /* WebServiceTests.swift in Sources */,
			);
			runOnlyForDeploymentPostprocessing = 0;
		};
/* End PBXSourcesBuildPhase section */

/* Begin PBXTargetDependency section */
		D25A795E298926C9009D68DD /* PBXTargetDependency */ = {
			isa = PBXTargetDependency;
			target = D23FFCFB2986FF140000F63D /* GNBProducts */;
			targetProxy = D25A795D298926C9009D68DD /* PBXContainerItemProxy */;
		};
/* End PBXTargetDependency section */

/* Begin PBXVariantGroup section */
		D23FFD0A2986FF150000F63D /* LaunchScreen.storyboard */ = {
			isa = PBXVariantGroup;
			children = (
				D23FFD0B2986FF150000F63D /* Base */,
			);
			name = LaunchScreen.storyboard;
			sourceTree = "<group>";
		};
/* End PBXVariantGroup section */

/* Begin XCBuildConfiguration section */
		D23FFD0E2986FF150000F63D /* Debug */ = {
			isa = XCBuildConfiguration;
			buildSettings = {
				ALWAYS_SEARCH_USER_PATHS = NO;
				CLANG_ANALYZER_NONNULL = YES;
				CLANG_ANALYZER_NUMBER_OBJECT_CONVERSION = YES_AGGRESSIVE;
				CLANG_CXX_LANGUAGE_STANDARD = "gnu++20";
				CLANG_ENABLE_MODULES = YES;
				CLANG_ENABLE_OBJC_ARC = YES;
				CLANG_ENABLE_OBJC_WEAK = YES;
				CLANG_WARN_BLOCK_CAPTURE_AUTORELEASING = YES;
				CLANG_WARN_BOOL_CONVERSION = YES;
				CLANG_WARN_COMMA = YES;
				CLANG_WARN_CONSTANT_CONVERSION = YES;
				CLANG_WARN_DEPRECATED_OBJC_IMPLEMENTATIONS = YES;
				CLANG_WARN_DIRECT_OBJC_ISA_USAGE = YES_ERROR;
				CLANG_WARN_DOCUMENTATION_COMMENTS = YES;
				CLANG_WARN_EMPTY_BODY = YES;
				CLANG_WARN_ENUM_CONVERSION = YES;
				CLANG_WARN_INFINITE_RECURSION = YES;
				CLANG_WARN_INT_CONVERSION = YES;
				CLANG_WARN_NON_LITERAL_NULL_CONVERSION = YES;
				CLANG_WARN_OBJC_IMPLICIT_RETAIN_SELF = YES;
				CLANG_WARN_OBJC_LITERAL_CONVERSION = YES;
				CLANG_WARN_OBJC_ROOT_CLASS = YES_ERROR;
				CLANG_WARN_QUOTED_INCLUDE_IN_FRAMEWORK_HEADER = YES;
				CLANG_WARN_RANGE_LOOP_ANALYSIS = YES;
				CLANG_WARN_STRICT_PROTOTYPES = YES;
				CLANG_WARN_SUSPICIOUS_MOVE = YES;
				CLANG_WARN_UNGUARDED_AVAILABILITY = YES_AGGRESSIVE;
				CLANG_WARN_UNREACHABLE_CODE = YES;
				CLANG_WARN__DUPLICATE_METHOD_MATCH = YES;
				COPY_PHASE_STRIP = NO;
				DEBUG_INFORMATION_FORMAT = dwarf;
				ENABLE_STRICT_OBJC_MSGSEND = YES;
				ENABLE_TESTABILITY = YES;
				GCC_C_LANGUAGE_STANDARD = gnu11;
				GCC_DYNAMIC_NO_PIC = NO;
				GCC_NO_COMMON_BLOCKS = YES;
				GCC_OPTIMIZATION_LEVEL = 0;
				GCC_PREPROCESSOR_DEFINITIONS = (
					"DEBUG=1",
					"$(inherited)",
				);
				GCC_WARN_64_TO_32_BIT_CONVERSION = YES;
				GCC_WARN_ABOUT_RETURN_TYPE = YES_ERROR;
				GCC_WARN_UNDECLARED_SELECTOR = YES;
				GCC_WARN_UNINITIALIZED_AUTOS = YES_AGGRESSIVE;
				GCC_WARN_UNUSED_FUNCTION = YES;
				GCC_WARN_UNUSED_VARIABLE = YES;
				IPHONEOS_DEPLOYMENT_TARGET = 16.2;
				MTL_ENABLE_DEBUG_INFO = INCLUDE_SOURCE;
				MTL_FAST_MATH = YES;
				ONLY_ACTIVE_ARCH = YES;
				SDKROOT = iphoneos;
				SWIFT_ACTIVE_COMPILATION_CONDITIONS = DEBUG;
				SWIFT_OPTIMIZATION_LEVEL = "-Onone";
			};
			name = Debug;
		};
		D23FFD0F2986FF150000F63D /* Release */ = {
			isa = XCBuildConfiguration;
			buildSettings = {
				ALWAYS_SEARCH_USER_PATHS = NO;
				CLANG_ANALYZER_NONNULL = YES;
				CLANG_ANALYZER_NUMBER_OBJECT_CONVERSION = YES_AGGRESSIVE;
				CLANG_CXX_LANGUAGE_STANDARD = "gnu++20";
				CLANG_ENABLE_MODULES = YES;
				CLANG_ENABLE_OBJC_ARC = YES;
				CLANG_ENABLE_OBJC_WEAK = YES;
				CLANG_WARN_BLOCK_CAPTURE_AUTORELEASING = YES;
				CLANG_WARN_BOOL_CONVERSION = YES;
				CLANG_WARN_COMMA = YES;
				CLANG_WARN_CONSTANT_CONVERSION = YES;
				CLANG_WARN_DEPRECATED_OBJC_IMPLEMENTATIONS = YES;
				CLANG_WARN_DIRECT_OBJC_ISA_USAGE = YES_ERROR;
				CLANG_WARN_DOCUMENTATION_COMMENTS = YES;
				CLANG_WARN_EMPTY_BODY = YES;
				CLANG_WARN_ENUM_CONVERSION = YES;
				CLANG_WARN_INFINITE_RECURSION = YES;
				CLANG_WARN_INT_CONVERSION = YES;
				CLANG_WARN_NON_LITERAL_NULL_CONVERSION = YES;
				CLANG_WARN_OBJC_IMPLICIT_RETAIN_SELF = YES;
				CLANG_WARN_OBJC_LITERAL_CONVERSION = YES;
				CLANG_WARN_OBJC_ROOT_CLASS = YES_ERROR;
				CLANG_WARN_QUOTED_INCLUDE_IN_FRAMEWORK_HEADER = YES;
				CLANG_WARN_RANGE_LOOP_ANALYSIS = YES;
				CLANG_WARN_STRICT_PROTOTYPES = YES;
				CLANG_WARN_SUSPICIOUS_MOVE = YES;
				CLANG_WARN_UNGUARDED_AVAILABILITY = YES_AGGRESSIVE;
				CLANG_WARN_UNREACHABLE_CODE = YES;
				CLANG_WARN__DUPLICATE_METHOD_MATCH = YES;
				COPY_PHASE_STRIP = NO;
				DEBUG_INFORMATION_FORMAT = "dwarf-with-dsym";
				ENABLE_NS_ASSERTIONS = NO;
				ENABLE_STRICT_OBJC_MSGSEND = YES;
				GCC_C_LANGUAGE_STANDARD = gnu11;
				GCC_NO_COMMON_BLOCKS = YES;
				GCC_WARN_64_TO_32_BIT_CONVERSION = YES;
				GCC_WARN_ABOUT_RETURN_TYPE = YES_ERROR;
				GCC_WARN_UNDECLARED_SELECTOR = YES;
				GCC_WARN_UNINITIALIZED_AUTOS = YES_AGGRESSIVE;
				GCC_WARN_UNUSED_FUNCTION = YES;
				GCC_WARN_UNUSED_VARIABLE = YES;
				IPHONEOS_DEPLOYMENT_TARGET = 16.2;
				MTL_ENABLE_DEBUG_INFO = NO;
				MTL_FAST_MATH = YES;
				SDKROOT = iphoneos;
				SWIFT_COMPILATION_MODE = wholemodule;
				SWIFT_OPTIMIZATION_LEVEL = "-O";
				VALIDATE_PRODUCT = YES;
			};
			name = Release;
		};
		D23FFD112986FF150000F63D /* Debug */ = {
			isa = XCBuildConfiguration;
			buildSettings = {
				ASSETCATALOG_COMPILER_APPICON_NAME = AppIcon;
				ASSETCATALOG_COMPILER_GLOBAL_ACCENT_COLOR_NAME = AccentColor;
				CODE_SIGN_STYLE = Automatic;
				CURRENT_PROJECT_VERSION = 1;
				GENERATE_INFOPLIST_FILE = YES;
				INFOPLIST_FILE = GNBProducts/Info.plist;
				INFOPLIST_KEY_UIApplicationSupportsIndirectInputEvents = YES;
				INFOPLIST_KEY_UILaunchStoryboardName = LaunchScreen;
				INFOPLIST_KEY_UIMainStoryboardFile = "";
				INFOPLIST_KEY_UISupportedInterfaceOrientations_iPad = "UIInterfaceOrientationPortrait UIInterfaceOrientationPortraitUpsideDown UIInterfaceOrientationLandscapeLeft UIInterfaceOrientationLandscapeRight";
				INFOPLIST_KEY_UISupportedInterfaceOrientations_iPhone = "UIInterfaceOrientationPortrait UIInterfaceOrientationLandscapeLeft UIInterfaceOrientationLandscapeRight";
				IPHONEOS_DEPLOYMENT_TARGET = 14.0;
				LD_RUNPATH_SEARCH_PATHS = (
					"$(inherited)",
					"@executable_path/Frameworks",
				);
				MARKETING_VERSION = 1.0;
				PRODUCT_BUNDLE_IDENTIFIER = com.example.GNBProducts;
				PRODUCT_NAME = "$(TARGET_NAME)";
				SWIFT_EMIT_LOC_STRINGS = YES;
				SWIFT_VERSION = 5.0;
				TARGETED_DEVICE_FAMILY = "1,2";
			};
			name = Debug;
		};
		D23FFD122986FF150000F63D /* Release */ = {
			isa = XCBuildConfiguration;
			buildSettings = {
				ASSETCATALOG_COMPILER_APPICON_NAME = AppIcon;
				ASSETCATALOG_COMPILER_GLOBAL_ACCENT_COLOR_NAME = AccentColor;
				CODE_SIGN_STYLE = Automatic;
				CURRENT_PROJECT_VERSION = 1;
				GENERATE_INFOPLIST_FILE = YES;
				INFOPLIST_FILE = GNBProducts/Info.plist;
				INFOPLIST_KEY_UIApplicationSupportsIndirectInputEvents = YES;
				INFOPLIST_KEY_UILaunchStoryboardName = LaunchScreen;
				INFOPLIST_KEY_UIMainStoryboardFile = "";
				INFOPLIST_KEY_UISupportedInterfaceOrientations_iPad = "UIInterfaceOrientationPortrait UIInterfaceOrientationPortraitUpsideDown UIInterfaceOrientationLandscapeLeft UIInterfaceOrientationLandscapeRight";
				INFOPLIST_KEY_UISupportedInterfaceOrientations_iPhone = "UIInterfaceOrientationPortrait UIInterfaceOrientationLandscapeLeft UIInterfaceOrientationLandscapeRight";
				IPHONEOS_DEPLOYMENT_TARGET = 14.0;
				LD_RUNPATH_SEARCH_PATHS = (
					"$(inherited)",
					"@executable_path/Frameworks",
				);
				MARKETING_VERSION = 1.0;
				PRODUCT_BUNDLE_IDENTIFIER = com.example.GNBProducts;
				PRODUCT_NAME = "$(TARGET_NAME)";
				SWIFT_EMIT_LOC_STRINGS = YES;
				SWIFT_VERSION = 5.0;
				TARGETED_DEVICE_FAMILY = "1,2";
			};
			name = Release;
		};
		D25A7960298926C9009D68DD /* Debug */ = {
			isa = XCBuildConfiguration;
			buildSettings = {
				BUNDLE_LOADER = "$(TEST_HOST)";
				CODE_SIGN_STYLE = Automatic;
				CURRENT_PROJECT_VERSION = 1;
				GENERATE_INFOPLIST_FILE = YES;
				MARKETING_VERSION = 1.0;
				PRODUCT_BUNDLE_IDENTIFIER = com.example.GNBProductsTests;
				PRODUCT_NAME = "$(TARGET_NAME)";
				SWIFT_EMIT_LOC_STRINGS = NO;
				SWIFT_VERSION = 5.0;
				TARGETED_DEVICE_FAMILY = "1,2";
				TEST_HOST = "$(BUILT_PRODUCTS_DIR)/GNBProducts.app/$(BUNDLE_EXECUTABLE_FOLDER_PATH)/GNBProducts";
			};
			name = Debug;
		};
		D25A7961298926C9009D68DD /* Release */ = {
			isa = XCBuildConfiguration;
			buildSettings = {
				BUNDLE_LOADER = "$(TEST_HOST)";
				CODE_SIGN_STYLE = Automatic;
				CURRENT_PROJECT_VERSION = 1;
				GENERATE_INFOPLIST_FILE = YES;
				MARKETING_VERSION = 1.0;
				PRODUCT_BUNDLE_IDENTIFIER = com.example.GNBProductsTests;
				PRODUCT_NAME = "$(TARGET_NAME)";
				SWIFT_EMIT_LOC_STRINGS = NO;
				SWIFT_VERSION = 5.0;
				TARGETED_DEVICE_FAMILY = "1,2";
				TEST_HOST = "$(BUILT_PRODUCTS_DIR)/GNBProducts.app/$(BUNDLE_EXECUTABLE_FOLDER_PATH)/GNBProducts";
			};
			name = Release;
		};
/* End XCBuildConfiguration section */

/* Begin XCConfigurationList section */
		D23FFCF72986FF140000F63D /* Build configuration list for PBXProject "GNBProducts" */ = {
			isa = XCConfigurationList;
			buildConfigurations = (
				D23FFD0E2986FF150000F63D /* Debug */,
				D23FFD0F2986FF150000F63D /* Release */,
			);
			defaultConfigurationIsVisible = 0;
			defaultConfigurationName = Release;
		};
		D23FFD102986FF150000F63D /* Build configuration list for PBXNativeTarget "GNBProducts" */ = {
			isa = XCConfigurationList;
			buildConfigurations = (
				D23FFD112986FF150000F63D /* Debug */,
				D23FFD122986FF150000F63D /* Release */,
			);
			defaultConfigurationIsVisible = 0;
			defaultConfigurationName = Release;
		};
		D25A795F298926C9009D68DD /* Build configuration list for PBXNativeTarget "GNBProductsTests" */ = {
			isa = XCConfigurationList;
			buildConfigurations = (
				D25A7960298926C9009D68DD /* Debug */,
				D25A7961298926C9009D68DD /* Release */,
			);
			defaultConfigurationIsVisible = 0;
			defaultConfigurationName = Release;
		};
/* End XCConfigurationList section */
	};
	rootObject = D23FFCF42986FF140000F63D /* Project object */;
}
